{
    "_meta": {
        "hash": {
            "sha256": "8b43480afc083c1863a983e3e97fa73e0c008edd6c43989982f91fcc50d4ab11"
        },
        "pipfile-spec": 6,
        "requires": {
            "python_version": "3.6"
        },
        "sources": [
            {
                "name": "pypi",
                "url": "https://pypi.org/simple",
                "verify_ssl": true
            }
        ]
    },
    "default": {
        "amqp": {
            "hashes": [
                "sha256:1e759a7f202d910939de6eca45c23a107f6b71111f41d1282c648e9ac3d21901",
                "sha256:affdd263d8b8eb3c98170b78bf83867cdb6a14901d586e00ddb65bfe2f0c4e60"
            ],
            "version": "==5.0.5"
        },
        "billiard": {
            "hashes": [
                "sha256:bff575450859a6e0fbc2f9877d9b715b0bbc07c3565bb7ed2280526a0cdf5ede",
                "sha256:d91725ce6425f33a97dfa72fb6bfef0e47d4652acd98a032bd1a7fbf06d5fa6a"
            ],
            "version": "==3.6.3.0"
        },
        "celery": {
            "hashes": [
                "sha256:5e8d364e058554e83bbb116e8377d90c79be254785f357cb2cec026e79febe13",
                "sha256:f4efebe6f8629b0da2b8e529424de376494f5b7a743c321c8a2ddc2b1414921c"
            ],
            "index": "pypi",
            "version": "==5.0.5"
        },
        "click": {
            "hashes": [
                "sha256:d2b5255c7c6349bc1bd1e59e08cd12acbbd63ce649f2588755783aa94dfb6b1a",
                "sha256:dacca89f4bfadd5de3d7489b7c8a566eee0d3676333fbb50030263894c38c0dc"
            ],
            "version": "==7.1.2"
        },
        "click-didyoumean": {
            "hashes": [
                "sha256:112229485c9704ff51362fe34b2d4f0b12fc71cc20f6d2b3afabed4b8bfa6aeb"
            ],
            "version": "==0.0.3"
        },
        "click-plugins": {
            "hashes": [
                "sha256:46ab999744a9d831159c3411bb0c79346d94a444df9a3a3742e9ed63645f264b",
                "sha256:5d262006d3222f5057fd81e1623d4443e41dcda5dc815c06b442aa3c02889fc8"
            ],
            "version": "==1.1.1"
        },
        "click-repl": {
            "hashes": [
                "sha256:9c4c3d022789cae912aad8a3f5e1d7c2cdd016ee1225b5212ad3e8691563cda5",
                "sha256:b9f29d52abc4d6059f8e276132a111ab8d94980afe6a5432b9d996544afa95d5"
            ],
            "version": "==0.1.6"
        },
        "ipaddress": {
            "hashes": [
                "sha256:6e0f4a39e66cb5bb9a137b00276a2eff74f93b71dcbdad6f10ff7df9d3557fcc",
                "sha256:b7f8e0369580bb4a24d5ba1d7cc29660a4a6987763faf1d8a8046830e020e7e2"
            ],
            "index": "pypi",
            "version": "==1.0.23"
        },
        "kombu": {
            "hashes": [
                "sha256:6dc509178ac4269b0e66ab4881f70a2035c33d3a622e20585f965986a5182006",
                "sha256:f4965fba0a4718d47d470beeb5d6446e3357a62402b16c510b6a2f251e05ac3c"
            ],
            "version": "==5.0.2"
        },
        "netifaces": {
            "hashes": [
                "sha256:0596587cdbb4658d25b549044caae843d8605acedbbc1f5ca13f5245416ae436",
                "sha256:112ee5b5a38e731ba39f3203a62796ebb7e234e976cba76b664535096078a6a2",
                "sha256:385c045b4e621eb4234fcacb77c9b1e1aecfdf277873e6263d98c74991d483b4",
                "sha256:461c8b4fa0bb3bd9cd777b0d3393f4fc9d0a27b604486f6f372bb55e529f36f3",
                "sha256:5f82ad3a6eeed2999365eaf48bcc5101732db46932d6252daf9ee8b67af5bbda",
                "sha256:6e860b69abc9dd71353daddadc142b7628517737c092f7b3dd9ff26f446e8048",
                "sha256:72f752885fa44b97c727dca0597556e98cac1761db5913b0a8e915668c50d67e",
                "sha256:7598afb41e9cb8091b3fe9a1bd3e3a14eb8d2ef2f8bfca50d799ec7cab31fd65",
                "sha256:9656a169cb83da34d732b0eb72b39373d48774aee009a3d1272b7ea2ce109cde",
                "sha256:99b0de2cf9644394d75d84b92e9a4961d76b30b33961cd1ed80faeb09be7195f",
                "sha256:9c4b35f71b1d730781ee0e17407193d2987afe5ee4f94aea2615bf657cd4e012",
                "sha256:a153348be2e36f587124fa82c292f440afe23747abf97599258fc04ced935276",
                "sha256:c6a94c5c78ed0c1b00b5c62736485723135b3ebf5c86743aca372a7ac80663e4",
                "sha256:e23fcfc3a2331405ab0c43096e75e177ed54a9c2782ec95eb7636379a5284366",
                "sha256:e3c7bd946bd766c64c7ae2e7083873fa0254b9eb5f001fc590587e12f27717df",
                "sha256:f1a716ed6c3b8dfc2718107ae5d3e3eadb2956e8697a65598028edeeb30b28fa",
                "sha256:feb5d30b1ce5eeb53f92a607506a3f18e6de5029cec2b08d7c4b3f99910906d3"
            ],
            "index": "pypi",
            "version": "==0.10.4"
        },
        "prompt-toolkit": {
            "hashes": [
                "sha256:0fa02fa80363844a4ab4b8d6891f62dd0645ba672723130423ca4037b80c1974",
                "sha256:62c811e46bd09130fb11ab759012a4ae385ce4fb2073442d1898867a824183bd"
            ],
            "version": "==3.0.16"
        },
        "pytz": {
            "hashes": [
                "sha256:83a4a90894bf38e243cf052c8b58f381bfe9a7a483f6a9cab140bc7f702ac4da",
                "sha256:eb10ce3e7736052ed3623d49975ce333bcd712c7bb19a58b9e2089d4057d0798"
            ],
            "version": "==2021.1"
        },
        "scapy": {
            "hashes": [
                "sha256:ecfd7a14cd9c3ef0eb08d28d5bb71d97219edff1454ccbdff229f676b27900ee"
            ],
            "index": "pypi",
            "version": "==2.4.4"
        },
        "six": {
            "hashes": [
                "sha256:30639c035cdb23534cd4aa2dd52c3bf48f06e5f4a941509c8bafd8ce11080259",
                "sha256:8b74bedcbbbaca38ff6d7491d76f2b06b3592611af620f8426e82dddb04a5ced"
            ],
            "version": "==1.15.0"
        },
        "vine": {
            "hashes": [
                "sha256:4c9dceab6f76ed92105027c49c823800dd33cacce13bdedc5b914e3514b7fb30",
                "sha256:7d3b1624a953da82ef63462013bbd271d3eb75751489f9807598e8f340bd637e"
            ],
            "version": "==5.0.0"
        },
        "wcwidth": {
            "hashes": [
                "sha256:beb4802a9cebb9144e99086eff703a642a13d6a0052920003a230f3294bbe784",
                "sha256:c4d647b99872929fdb7bdcaa4fbe7f01413ed3d98077df798530e5b04f116c83"
            ],
            "version": "==0.2.5"
        }
    },
    "develop": {}
}
